Microsoft Visual Studio Solution File, Format Version 12.00
# Visual Studio Version 16
VisualStudioVersion = 16.0.29209.152
MinimumVisualStudioVersion = 10.0.40219.1
Project("{9A19103F-16F7-4668-BE54-9A1E7A4F7556}") = "KeyHelperForms", "KeyHelperForms\KeyHelperForms.csproj", "{3346A5A8-D4AC-45DE-8E54-81369D896144}"
EndProject
Global
	GlobalSection(SolutionConfigurationPlatforms) = preSolution
		Debug|Any CPU = Debug|Any CPU
		Release|Any CPU = Release|Any CPU
	EndGlobalSection
	GlobalSection(ProjectConfigurationPlatforms) = postSolution
		{3346A5A8-D4AC-45DE-8E54-81369D896144}.Debug|Any CPU.ActiveCfg = Release|Any CPU
		{3346A5A8-D4AC-45DE-8E54-81369D896144}.Debug|Any CPU.Build.0 = Release|Any CPU
		{3346A5A8-D4AC-45DE-8E54-81369D896144}.Release|Any CPU.ActiveCfg = Release|Any CPU
		{3346A5A8-D4AC-45DE-8E54-81369D896144}.Release|Any CPU.Build.0 = Release|Any CPU
	EndGlobalSection
	GlobalSection(SolutionProperties) = preSolution
		HideSolutionNode = FALSE
	EndGlobalSection
	GlobalSection(ExtensibilityGlobals) = postSolution
		SolutionGuid = {0BFBFE52-994B-4DCA-BA13-B47F0B80F01F}
	EndGlobalSection
EndGlobal
